<Solution>
  <Folder Name="/bulid/">
    <File Path="bulid/MicroCom.targets" />
  </Folder>
  <Folder Name="/docs/" />
  <Folder Name="/samples/">
    <Project Path="samples/ModernFormsNext.CrossPlatform.Sample/ModernFormsNext.CrossPlatform.Sample.csproj" />
    <Project Path="samples/ModernFormsNext.Android.SmokeTest/ModernFormsNext.Android.SmokeTest.csproj" />
    <Project Path="samples/ModernFormsNext.DemoApp/ModernFormsNext.DemoApp.csproj" Id="443f0023-59f5-4347-9a5d-8a214ddd092a" />
    <Project Path="samples/ModernFormsNext.DesignerPlayground/ModernFormsNext.DesignerPlayground.csproj" />
    <Project Path="samples/ControlGallery/ControlGallery.csproj" />
    <Project Path="samples/Explorer/Explore.csproj" />
    <Project Path="samples/Outlaw/Outlaw.csproj" />
  </Folder>
  <Folder Name="/tests/">
    <Project Path="ModernFormsNext.CrossPlatform.Sample.Tests/ModernFormsNext.CrossPlatform.Sample.Tests.csproj" />
    <Project Path="ModernFormsNext.Designer.Tests/ModernFormsNext.Designer.Tests.csproj" />
    <Project Path="ModernFormsNext.Testing.Tests/ModernFormsNext.Testing.Tests.csproj" />
    <Project Path="ModernFormsNext.VisualStudioExtension.Vsix.Tests/ModernFormsNext.VisualStudioExtension.Vsix.Tests.csproj" />
    <Project Path="ModernFormsNext.WindowKit.Backend.Android.Tests/ModernFormsNext.WindowKit.Backend.Android.Tests.csproj" />
    <Project Path="ModernFormsNext.WindowKit.Backend.Windows.Tests/ModernFormsNext.WindowKit.Backend.Windows.Tests.csproj" />
    <Project Path="ModernFormsNext.WindowKit.Backend.Windows.Tests.UiAutomationClient/ModernFormsNext.WindowKit.Backend.Windows.Tests.UiAutomationClient.csproj" />
    <Project Path="ModernFormsNext.WindowKit.Backend.Windows.Tests.UiAutomationHost/ModernFormsNext.WindowKit.Backend.Windows.Tests.UiAutomationHost.csproj" />
    <Project Path="ModernFormsNext.Tests/ModernFormsNext.Tests.csproj" />
  </Folder>
  <Folder Name="/src/">
    <Project Path="ModernFormsNext.CodeGeneration/ModernFormsNext.CodeGeneration.csproj" />
    <Project Path="ModernFormsNext.Designer/ModernFormsNext.Designer.csproj" />
    <Project Path="ModernFormsNext.Designing/ModernFormsNext.Designing.csproj" />
    <Project Path="ModernFormsNext.Testing/ModernFormsNext.Testing.csproj" />
    <Project Path="ModernFormsNext.VisualStudioDesignerHost/ModernFormsNext.VisualStudioDesignerHost.csproj" />
    <Project Path="ModernFormsNext.VisualStudioExtension.Shared/ModernFormsNext.VisualStudioExtension.Shared.csproj" />
    <Project Path="ModernFormsNext.VisualStudioExtension/ModernFormsNext.VisualStudioExtension.csproj" />
    <Project Path="ModernFormsNext.VisualStudioExtension.Vsix/ModernFormsNext.VisualStudioExtension.Vsix.csproj" />
    <Project Path="ModernFormsNext.WindowKit.Backend.Android/ModernFormsNext.WindowKit.Backend.Android.csproj" Id="026bee55-e552-4e0b-bcbc-908672afda4e" />
    <Project Path="ModernFormsNext.WindowKit.Backend.Windows/ModernFormsNext.WindowKit.Backend.Windows.csproj" />
    <Project Path="ModernFormsNext.WindowKit.Backend/ModernFormsNext.WindowKit.Backend.csproj" />
    <Project Path="ModernFormsNext.WindowKit/ModernFormsNext.WindowKit.csproj" />
    <Project Path="ModernFormsNext/ModernFormsNext.csproj" />
  </Folder>
  <Project Path="ModernFormsNext.Templates/ModernFormsNext.Templates.csproj" Id="c4737b97-a1d2-4394-9fc4-134e0ee483ae" />
  <Project Path="ModernFormsNext.WindowKit.Backend.Tools.MicroComGenerator/ModernFormsNext.WindowKit.Backend.Tools.MicroComGenerator.csproj" Id="26a85b84-2886-4295-8919-1310238d1243" />
  <Project Path="ModernFormsNext.WindowKit.Backend.Tools.MicroComPatcher/ModernFormsNext.WindowKit.Backend.Tools.MicroComPatcher.csproj" Id="1023157f-ceac-4dd3-b889-7d9a889f7a59" />
</Solution>
